github.com/BurntSushi/toml v1.6.0 h1:dRaEfpa2VI55EwlIW72hMRHdWouJeRF7TPYhI+AUQjk=
github.com/BurntSushi/toml v1.6.0/go.mod h1:ukJfTF/6rtPPRCnwkur4qwRxa8vTRFBF0uk2lLoLwho=
github.com/Shopify/go-lua v0.0.0-20250718183320-1e37f32ad7d0 h1:oGlw/+ndlFMn8KWLjEX5nULcDwOC4tJy3Kk1Pm84Cys=
github.com/Shopify/go-lua v0.0.0-20250718183320-1e37f32ad7d0/go.mod h1:M4CxjVc/1Nwka5atBv7G/sb7Ac2BDe3+FxbiT9iVNIQ=
github.com/google/go-cmp v0.7.0 h1:wk8382ETsv4JYUZwIsn6YpYiWiBsYLSJiTsyBybVuN8=
github.com/google/go-cmp v0.7.0/go.mod h1:pXiqmnSA92OHEEa9HXL2W4E7lf9JzCmGVUdgjX3N/iU=
github.com/kode4food/argyll/engine v0.0.0-20261006183024-9da8a30b5613 h1:FET5cAbsEWB9g3AbR+PdQSjFRs7HIrn+xfEw+s72ClQ=
github.com/kode4food/argyll/engine v0.0.0-20261006183024-9da8a30b5613/go.mod h1:DaJjgXN6LozCXyL2DU7Kxh+izp3e+ixpRNQQVaiKOMI=
github.com/kode4food/caravan v0.0.0-20260905062940-5af4c3674974 h1:C/uzNNHL2FJh8Sd1AucDQPcB7ffpjHMAXv469cO/el0=
github.com/kode4food/caravan v0.0.0-20260905062940-5af4c3674974/go.mod h1:2926EylBdGCztWOEDu1VPk8WlNnFkwxn8Q0sOEmf2E4=
github.com/kode4food/jpath v0.0.0-20260906125407-9cba525a6f65 h1:bcDTbjLAl2IG/ODJ4A97cC4knXIwHHfwW9Qu8nV8RME=
github.com/kode4food/jpath v0.0.0-20260906125407-9cba525a6f65/go.mod h1:gYY1OfgNwxDs30LLA1moTAQtzapUvEpMO+zX6GI2Fpg=
github.com/kode4food/lru v0.0.0-20260821124822-50bd9a308b71 h1:xqHrCb85JXvWEWCHRM3zsuNUWEJSNktvs7ROFEnKhIo=
github.com/kode4food/lru v0.0.0-20260821124822-50bd9a308b71/go.mod h1:qxHo1+SIRuVcQ5s3HaZYMWw5v1B6W4kJIJ4KP/gg67c=
github.com/kode4food/timebox v0.3.0 h1:IViCupsJQbDYfudn+Tok09vFBvvN0N+bhvdxOM8e38o=
github.com/kode4food/timebox v0.3.0/go.mod h1:t+XVpRqQXvn9+ilBot4RPA8xalYHOoWDHJ1Jn5VKugc=
github.com/stretchr/testify v1.12.1 h1:EuwCh5fleGS7H32xRwO3wRGT7DxrDhLAT6FF8MpWDWE=
github.com/stretchr/testify v1.12.1/go.mod h1:MDEgiDPPsNp5cuIrHPPCyornHKgEVbtFUmoNlxoYthg=
go.yaml.in/yaml/v3 v3.0.5 h1:N6y/pJk8buWs9NY5ERU2HSMfm+IuD/OtfdAnq6kESPw=
go.yaml.in/yaml/v3 v3.0.5/go.mod h1:HVTZu1O7/Vkt2N+BFy8Zza+lnLsABggaTM2ZpNIGuKg=
golang.org/x/exp/typeparams v0.0.0-20260824195058-e88cd73687aa h1:0crASk1XE9p9RP0n9EbRutyWZoOkzTSuwTp3mqwppb0=
golang.org/x/exp/typeparams v0.0.0-20260824195058-e88cd73687aa/go.mod h1:qkMnvgP8C7+xkci04txL2SJFc/0PGqnkf6gs5JUC43E=
golang.org/x/mod v0.40.0 h1:hUv+3cXcdRHz08UmSiOob7sadHig73uo5bkXxQ/tvUs=
golang.org/x/mod v0.40.0/go.mod h1:0/weTWkPWGBikyTWAX3dkjVztMmBA5hM0DH6BElSupE=
golang.org/x/sync v0.22.0 h1:SZjpbeLmrCk4xhRSZFNZW5gFUeCeFgjekvI/+gfScek=
golang.org/x/sync v0.22.0/go.mod h1:9xrNwdLfx4jkKbNva9FpL6vEN7evnE43NNNJQ2LF3+0=
golang.org/x/sys v0.47.0 h1:o7XGOvZQCADBQQ4Y7VNq2dRWQR7JmOUW8Kxx4ZsNgWs=
golang.org/x/sys v0.47.0/go.mod h1:4GL1E5IUh+htKOUEOaiffhrAeqysfVGipDYzABqnCmw=
golang.org/x/telemetry v0.0.0-20260824150023-1f5465a7b7fb h1:u2wx6smkicd2/as9DfdcyWweWaV7tGvybRQdvPQ74Bw=
golang.org/x/telemetry v0.0.0-20260824150023-1f5465a7b7fb/go.mod h1:/KSYFnLndIrA1A+Rs5r6vSifQhuFz75BPNN3J/hvzN0=
golang.org/x/tools v0.49.0 h1:3NI7VXzL9+1WZD52Dx2ttoPwD5DWrFGpl9mFZDlmisI=
golang.org/x/tools v0.49.0/go.mod h1:SJNXV9DBKT0UbdttsQjbfJlAE/q+y36++zo3uL3N0Oo=
golang.org/x/tools/go/expect v0.1.1-deprecated h1:jpBZDwmgPhXsKZC6WhL20P4b/wmnpsEAGHaNy0n/rJM=
golang.org/x/tools/go/expect v0.1.1-deprecated/go.mod h1:eihoPOH+FgIqa3FpoTwguz/bVUSGBlGQU67vpBeOrBY=
honnef.co/go/tools v0.8.1 h1:+JKf3xJ1ni4CwrhVg4/pqsfPGP6vNAXcKbMXJodYx3w=
honnef.co/go/tools v0.8.1/go.mod h1:XA+OnlRA9EDh/ukGvXMNSZNKGwFQJ+5dER0ioUkOxks=
