github.com/BurntSushi/toml v1.6.0 h1:dRaEfpa2VI55EwlIW72hMRHdWouJeRF7TPYhI+AUQjk=
github.com/BurntSushi/toml v1.6.0/go.mod h1:ukJfTF/6rtPPRCnwkur4qwRxa8vTRFBF0uk2lLoLwho=
github.com/Shopify/go-lua v0.0.0-20261007132305-3f823f845ff9 h1:nDnaOSOdmx0wvtPUH1SwGxqQO3FWXhdCRoShE3ctwPc=
github.com/google/go-cmp v0.7.0 h1:wk8382ETsv4JYUZwIsn6YpYiWiBsYLSJiTsyBybVuN8=
github.com/google/go-cmp v0.7.0/go.mod h1:pXiqmnSA92OHEEa9HXL2W4E7lf9JzCmGVUdgjX3N/iU=
github.com/kode4food/argyll/engine v0.0.0-20261009102201-cf4904e2b790 h1:brNuf+pQR8UJoGWyrNGt+3Um0pra0hs8NRyjSzrcNGw=
github.com/kode4food/argyll/engine v0.0.0-20261009102201-cf4904e2b790/go.mod h1:wPdd6M2dDgQnOBpz/CRUfqZHGH6DDErmNqsyfgMMnTY=
github.com/kode4food/caravan v0.0.0-20260905062940-5af4c3674974 h1:C/uzNNHL2FJh8Sd1AucDQPcB7ffpjHMAXv469cO/el0=
github.com/kode4food/caravan v0.0.0-20260905062940-5af4c3674974/go.mod h1:2926EylBdGCztWOEDu1VPk8WlNnFkwxn8Q0sOEmf2E4=
github.com/kode4food/jpath v0.0.0-20260906125407-9cba525a6f65 h1:bcDTbjLAl2IG/ODJ4A97cC4knXIwHHfwW9Qu8nV8RME=
github.com/kode4food/jpath v0.0.0-20260906125407-9cba525a6f65/go.mod h1:gYY1OfgNwxDs30LLA1moTAQtzapUvEpMO+zX6GI2Fpg=
github.com/kode4food/lru v0.0.0-20260821124822-50bd9a308b71 h1:xqHrCb85JXvWEWCHRM3zsuNUWEJSNktvs7ROFEnKhIo=
github.com/kode4food/lru v0.0.0-20260821124822-50bd9a308b71/go.mod h1:qxHo1+SIRuVcQ5s3HaZYMWw5v1B6W4kJIJ4KP/gg67c=
github.com/kode4food/timebox v0.3.1-0.20261009161103-4e90098c4a63 h1:xxZMv7kpZC7n6hO0fgFoYBvO8Mfzpcg/vG4i+WitqrI=
github.com/kode4food/timebox v0.3.1-0.20261009161103-4e90098c4a63/go.mod h1:VKZR+tW3mHMqcGklfazEzhVlqlnOy8SdD7PlB6I+vNk=
github.com/stretchr/testify v1.12.1 h1:EuwCh5fleGS7H32xRwO3wRGT7DxrDhLAT6FF8MpWDWE=
github.com/stretchr/testify v1.12.1/go.mod h1:MDEgiDPPsNp5cuIrHPPCyornHKgEVbtFUmoNlxoYthg=
go.yaml.in/yaml/v3 v3.0.5 h1:N6y/pJk8buWs9NY5ERU2HSMfm+IuD/OtfdAnq6kESPw=
go.yaml.in/yaml/v3 v3.0.5/go.mod h1:HVTZu1O7/Vkt2N+BFy8Zza+lnLsABggaTM2ZpNIGuKg=
golang.org/x/exp/typeparams v0.0.0-20260824195058-e88cd73687aa h1:0crASk1XE9p9RP0n9EbRutyWZoOkzTSuwTp3mqwppb0=
golang.org/x/exp/typeparams v0.0.0-20260824195058-e88cd73687aa/go.mod h1:qkMnvgP8C7+xkci04txL2SJFc/0PGqnkf6gs5JUC43E=
golang.org/x/mod v0.41.0 h1:qJmnOUb4YB+FsEuM3HcWucdZASCPGhsX6uljO6pog0c=
golang.org/x/mod v0.41.0/go.mod h1:Ek9pY8RKWXwsWvd3rQiHYtMqkjSUV+s1Rj7j4H5Ur6o=
golang.org/x/sync v0.23.0 h1:KameEIfc1IkluZyXWLn39Wd4tURc6GbCiISGiZm2bQk=
golang.org/x/sync v0.23.0/go.mod h1:sUUOizhqBxiL6pEWpqNLUiaJn1ShEbZ6BBqskPbjZm0=
golang.org/x/sys v0.48.0 h1:bbX/i/6MgT9BVLM9RT1thmxL04yeTAhbEz4SyadbXoo=
golang.org/x/sys v0.48.0/go.mod h1:hNLxWAXmnKAxqDtdwIYC4bM9oQPEecfsnNMuSxOs3og=
golang.org/x/telemetry v0.0.0-20260924152758-ed294f943157 h1:DftxASHKl6JolFPqoN+2WrFO53JvkHwRXvFqf8gsivA=
golang.org/x/telemetry v0.0.0-20260924152758-ed294f943157/go.mod h1:i+ivNqjDnTF3WTElsdk5g9V5DTSBYgdNo7xTU9SDwYA=
golang.org/x/tools v0.51.0 h1:k4Xc/1Om9jwkBJBo4NVLMSARBoWtK10mx+W5BnXCeAI=
golang.org/x/tools v0.51.0/go.mod h1:9eEncMayCV6zRMGhR5eZEC2iBx98qWcF1HZ9Z7wJOoA=
golang.org/x/tools/go/expect v0.1.1-deprecated h1:jpBZDwmgPhXsKZC6WhL20P4b/wmnpsEAGHaNy0n/rJM=
golang.org/x/tools/go/expect v0.1.1-deprecated/go.mod h1:eihoPOH+FgIqa3FpoTwguz/bVUSGBlGQU67vpBeOrBY=
honnef.co/go/tools v0.8.1 h1:+JKf3xJ1ni4CwrhVg4/pqsfPGP6vNAXcKbMXJodYx3w=
honnef.co/go/tools v0.8.1/go.mod h1:XA+OnlRA9EDh/ukGvXMNSZNKGwFQJ+5dER0ioUkOxks=
