github.com/BurntSushi/toml v1.6.0 h1:dRaEfpa2VI55EwlIW72hMRHdWouJeRF7TPYhI+AUQjk=
github.com/BurntSushi/toml v1.6.0/go.mod h1:ukJfTF/6rtPPRCnwkur4qwRxa8vTRFBF0uk2lLoLwho=
github.com/Shopify/go-lua v0.0.0-20250718183320-1e37f32ad7d0 h1:oGlw/+ndlFMn8KWLjEX5nULcDwOC4tJy3Kk1Pm84Cys=
github.com/Shopify/go-lua v0.0.0-20250718183320-1e37f32ad7d0/go.mod h1:M4CxjVc/1Nwka5atBv7G/sb7Ac2BDe3+FxbiT9iVNIQ=
github.com/cespare/xxhash/v2 v2.3.0 h1:UL815xU9SqsFlibzuggzjXhog7bL6oX9BbNZnL2UFvs=
github.com/cespare/xxhash/v2 v2.3.0/go.mod h1:VGX0DQ3Q6kWi7AoAeZDth3/j3BFtOZR5XLFGgcrjCOs=
github.com/davecgh/go-spew v1.1.2-0.20180830191138-d8f796af33cc h1:U9qPSI2PIWSS1VwoXQT9A3Wy9MM3WgvqSxFWenqJduM=
github.com/davecgh/go-spew v1.1.2-0.20180830191138-d8f796af33cc/go.mod h1:J7Y8YcW2NihsgmVo/mv3lAwl/skON4iLHjSsI+c5H38=
github.com/dgraph-io/badger/v4 v4.9.1 h1:DocZXZkg5JJHJPtUErA0ibyHxOVUDVoXLSCV6t8NC8w=
github.com/dgraph-io/badger/v4 v4.9.1/go.mod h1:5/MEx97uzdPUHR4KtkNt8asfI2T4JiEiQlV7kWUo8c0=
github.com/dgraph-io/ristretto/v2 v2.4.0 h1:I/w09yLjhdcVD2QV192UJcq8dPBaAJb9pOuMyNy0XlU=
github.com/dustin/go-humanize v1.0.1 h1:GzkhY7T5VNhEkwH0PVJgjz+fX1rhBrR7pRT3mDkpeCY=
github.com/dustin/go-humanize v1.0.1/go.mod h1:Mu1zIs6XwVuF/gI1OepvI0qD18qycQx+mFykh5fBlto=
github.com/go-logr/logr v1.4.3 h1:CjnDlHq8ikf6E492q6eKboGOC0T8CDaOvkHCIg8idEI=
github.com/go-logr/logr v1.4.3/go.mod h1:9T104GzyrTigFIr8wt5mBrctHMim0Nb2HLGrmQ40KvY=
github.com/go-logr/stdr v1.2.2 h1:hSWxHoqTgW2S2qGc0LTAI563KZ5YKYRhT3MFKZMbjag=
github.com/go-logr/stdr v1.2.2/go.mod h1:mMo/vtBO5dYbehREoey6XUKy/eSumjCCveDpRre4VKE=
github.com/gogo/protobuf v1.3.2 h1:Ov1cvc58UF3b5XjBnZv7+opcTcQFZebYjWzi34vdm4Q=
github.com/gogo/protobuf v1.3.2/go.mod h1:P1XiOD3dCwIKUDQYPy72D8LYyHL2YPYrpS2s69NZV8Q=
github.com/golang/protobuf v1.5.4 h1:i7eJL8qZTpSEXOPTxNKhASYpMn+8e5Q6AdndVa1dWek=
github.com/golang/protobuf v1.5.4/go.mod h1:lnTiLA8Wa4RWRcIUkrtSVa5nRhsEGBg48fD6rSs7xps=
github.com/google/flatbuffers v25.12.19+incompatible h1:haMV2JRRJCe1998HeW/p0X9UaMTK6SDo0ffLn2+DbLs=
github.com/google/uuid v1.6.0 h1:NIvaJDMOsjHA8n1jAhLSgzrAzy1Hgr+hNrb57e+94F0=
github.com/google/uuid v1.6.0/go.mod h1:TIyPZe4MgqvfeYDBFedMoGGpEw/LqOeaOT+nhxU+yHo=
github.com/klauspost/compress v1.18.5 h1:/h1gH5Ce+VWNLSWqPzOVn6XBO+vJbCNGvjoaGBFW2IE=
github.com/kode4food/ale v0.3.1-0.20260422075528-278f398ed55d h1:cXpNHEuvD7Uh8vhhlaSdRd2C6bJfwu+YQpZenQ+NE7Q=
github.com/kode4food/ale v0.3.1-0.20260422075528-278f398ed55d/go.mod h1:ieIgf06ATH2J2WZWj8QEIl8IWitXMeUOGLfHYXhKZWE=
github.com/kode4food/argyll/engine v0.0.0-20260425054836-250dc5c87734 h1:vyfsahYw9Uv2ZnIVwQKt7BSrSQP5rSYz5ZMbptMUraY=
github.com/kode4food/argyll/engine v0.0.0-20260425054836-250dc5c87734/go.mod h1:TWF43/SnNy66+tw7h5i8mfBmFBSEOHGWgv164/4nwGc=
github.com/kode4food/argyll/sdks/go-builder v0.0.0-20260425054836-250dc5c87734 h1:zVQBIQi2MXi59FNJaoe+ga1ibVayos5mKXLLsZAvQ/Y=
github.com/kode4food/argyll/sdks/go-builder v0.0.0-20260425054836-250dc5c87734/go.mod h1:JVk57mJLgySSGrVKKEKUPcX0cUtnRT8TXh3cKpfESMA=
github.com/kode4food/caravan v0.0.0-20260309173540-732d8b80fb04 h1:O8jM26YJoIOtdr1KFQyYGN2KLI1BhXfcOCg/JV2FnB4=
github.com/kode4food/caravan v0.0.0-20260309173540-732d8b80fb04/go.mod h1:pGgR7tUFmLBWj3l6kFHTlWlt6DLNwajqUHErH+3Z8Fk=
github.com/kode4food/gen-maxkind v0.1.2 h1:nPf0AV+rExLgXSZqqoP15i08UDVmijFU5JJfhZJ5s0w=
github.com/kode4food/gen-maxkind v0.1.2/go.mod h1:4vJTMFzmvbdvbf488Ae76vHrgms5LGDr3ryx9bnPVoM=
github.com/kode4food/jpath v0.0.0-20260309190847-87e9598818b9 h1:cp+VeR7jZf2PMgZh5EipZx/SqcjHhNcAfE+mxbyP/EM=
github.com/kode4food/jpath v0.0.0-20260309190847-87e9598818b9/go.mod h1:tluthR8KBbfjN0nMhkIUJi9FUZbNpR1x7eZQm0eydJo=
github.com/kode4food/lru v0.0.0-20260217084209-144fda8850c9 h1:sR7BMpyWzMmwOGwZw+evTvdvbZSAsX53WLtGNvVtwi0=
github.com/kode4food/lru v0.0.0-20260217084209-144fda8850c9/go.mod h1:sTzhcYU0AAXpB+uEWdUEukwNQAhc64BefD3eNmcw6Ug=
github.com/kode4food/timebox v0.0.0-20260425055959-c01b35cbd2d0 h1:rO6Kj1J9sPwP4vAPP3nFZB2URwStyhDW77VziU5rqxM=
github.com/pmezard/go-difflib v1.0.1-0.20181226105442-5d4384ee4fb2 h1:Jamvg5psRIccs7FGNTlIRMkT8wgtp5eCXdBlqhYGL6U=
github.com/pmezard/go-difflib v1.0.1-0.20181226105442-5d4384ee4fb2/go.mod h1:iKH77koFhYxTK1pcRnkKkqfTogsbg7gZNVY4sRDYZ/4=
github.com/stretchr/testify v1.11.1 h1:7s2iGBzp5EwR7/aIZr8ao5+dra3wiQyKjjFuvgVKu7U=
github.com/stretchr/testify v1.11.1/go.mod h1:wZwfW3scLgRK+23gO65QZefKpKQRnfz6sD981Nm4B6U=
go.etcd.io/raft/v3 v3.6.0 h1:5NtvbDVYpnfZWcIHgGRk9DyzkBIXOi8j+DDp1IcnUWQ=
go.etcd.io/raft/v3 v3.6.0/go.mod h1:nLvLevg6+xrVtHUmVaTcTz603gQPHfh7kUAwV6YpfGo=
go.opentelemetry.io/auto/sdk v1.2.1 h1:jXsnJ4Lmnqd11kwkBV2LgLoFMZKizbCi5fNZ/ipaZ64=
go.opentelemetry.io/auto/sdk v1.2.1/go.mod h1:KRTj+aOaElaLi+wW1kO/DZRXwkF4C5xPbEe3ZiIhN7Y=
go.opentelemetry.io/otel v1.43.0 h1:mYIM03dnh5zfN7HautFE4ieIig9amkNANT+xcVxAj9I=
go.opentelemetry.io/otel/metric v1.43.0 h1:d7638QeInOnuwOONPp4JAOGfbCEpYb+K6DVWvdxGzgM=
go.opentelemetry.io/otel/trace v1.43.0 h1:BkNrHpup+4k4w+ZZ86CZoHHEkohws8AY+WTX09nk+3A=
golang.org/x/exp/typeparams v0.0.0-20260410095643-746e56fc9e2f h1:R+0tuqAH8hMhwmLnik15W/apE5FVU/HtkYwyp534O2Y=
golang.org/x/exp/typeparams v0.0.0-20260410095643-746e56fc9e2f/go.mod h1:PqrXSW65cXDZH0k4IeUbhmg/bcAZDbzNz3byBpKCsXo=
golang.org/x/mod v0.35.0 h1:Ww1D637e6Pg+Zb2KrWfHQUnH2dQRLBQyAtpr/haaJeM=
golang.org/x/mod v0.35.0/go.mod h1:+GwiRhIInF8wPm+4AoT6L0FA1QWAad3OMdTRx4tFYlU=
golang.org/x/net v0.53.0 h1:d+qAbo5L0orcWAr0a9JweQpjXF19LMXJE8Ey7hwOdUA=
golang.org/x/net v0.53.0/go.mod h1:JvMuJH7rrdiCfbeHoo3fCQU24Lf5JJwT9W3sJFulfgs=
golang.org/x/sync v0.20.0 h1:e0PTpb7pjO8GAtTs2dQ6jYa5BWYlMuX047Dco/pItO4=
golang.org/x/sync v0.20.0/go.mod h1:9xrNwdLfx4jkKbNva9FpL6vEN7evnE43NNNJQ2LF3+0=
golang.org/x/sys v0.43.0 h1:Rlag2XtaFTxp19wS8MXlJwTvoh8ArU6ezoyFsMyCTNI=
golang.org/x/sys v0.43.0/go.mod h1:4GL1E5IUh+htKOUEOaiffhrAeqysfVGipDYzABqnCmw=
golang.org/x/telemetry v0.0.0-20260423152414-329d219564b0 h1:Z3dIaFg6EmXrHvHvE5lGlfjCTbIaYSEtTYGuRJSSOiQ=
golang.org/x/telemetry v0.0.0-20260423152414-329d219564b0/go.mod h1:kHjTxDEnAu6/Nl9lDkzjWpR+bmKfxeiRuSDlsMb70gE=
golang.org/x/tools v0.44.0 h1:UP4ajHPIcuMjT1GqzDWRlalUEoY+uzoZKnhOjbIPD2c=
golang.org/x/tools v0.44.0/go.mod h1:KA0AfVErSdxRZIsOVipbv3rQhVXTnlU6UhKxHd1seDI=
google.golang.org/protobuf v1.36.11 h1:fV6ZwhNocDyBLK0dj+fg8ektcVegBBuEolpbTQyBNVE=
google.golang.org/protobuf v1.36.11/go.mod h1:HTf+CrKn2C3g5S8VImy6tdcUvCska2kB7j23XfzDpco=
gopkg.in/yaml.v3 v3.0.1 h1:fxVm/GzAzEWqLHuvctI91KS9hhNmmWOoWu0XTYJS7CA=
gopkg.in/yaml.v3 v3.0.1/go.mod h1:K4uyk7z7BCEPqu6E+C64Yfv1cQ7kz7rIZviUmN+EgEM=
honnef.co/go/tools v0.7.0 h1:w6WUp1VbkqPEgLz4rkBzH/CSU6HkoqNLp6GstyTx3lU=
honnef.co/go/tools v0.7.0/go.mod h1:pm29oPxeP3P82ISxZDgIYeOaf9ta6Pi0EWvCFoLG2vc=
